
Microsoft Visual Studio Solution File, Format Version 12.00
# Visual Studio Version 16
VisualStudioVersion = 16.0.29709.97
MinimumVisualStudioVersion = 10.0.40219.1
Project("{FAE04EC0-301F-11D3-BF4B-00C04F79EFBC}") = "ValentinaYear", "ValentinaYear\ValentinaYear.csproj", "{13C98595-A661-4E0C-A14D-9EDACDE85193}"
EndProject
Global
	GlobalSection(SolutionConfigurationPlatforms) = preSolution
		Debug|Any CPU = Debug|Any CPU
		Release|Any CPU = Release|Any CPU
	EndGlobalSection
	GlobalSection(ProjectConfigurationPlatforms) = postSolution
		{13C98595-A661-4E0C-A14D-9EDACDE85193}.Debug|Any CPU.ActiveCfg = Debug|Any CPU
		{13C98595-A661-4E0C-A14D-9EDACDE85193}.Debug|Any CPU.Build.0 = Debug|Any CPU
		{13C98595-A661-4E0C-A14D-9EDACDE85193}.Release|Any CPU.ActiveCfg = Release|Any CPU
		{13C98595-A661-4E0C-A14D-9EDACDE85193}.Release|Any CPU.Build.0 = Release|Any CPU
	EndGlobalSection
	GlobalSection(SolutionProperties) = preSolution
		HideSolutionNode = FALSE
	EndGlobalSection
	GlobalSection(ExtensibilityGlobals) = postSolution
		SolutionGuid = {8E58F697-6195-4843-827F-0553477036C1}
	EndGlobalSection
EndGlobal
